PODS:
  - AWSAppSync (2.14.1):
    - AWSCore (~> 2.10.2)
    - ReachabilitySwift (= 4.3.0)
    - SQLite.swift (= 0.11.6)
  - AWSCore (2.10.3)
  - HyperTrackViews/Core (0.5.1):
    - AWSAppSync (= 2.14.1)
  - HyperTrackViews/MapKit (0.5.1):
    - AWSAppSync (= 2.14.1)
    - HyperTrackViews/Core
  - ReachabilitySwift (4.3.0)
  - SQLite.swift (0.11.6):
    - SQLite.swift/standard (= 0.11.6)
  - SQLite.swift/standard (0.11.6)

DEPENDENCIES:
  - HyperTrackViews/MapKit

SPEC REPOS:
  https://cdn.cocoapods.org/:
    - AWSAppSync
    - AWSCore
    - HyperTrackViews
    - ReachabilitySwift
    - SQLite.swift

SPEC CHECKSUMS:
  AWSAppSync: 927eeb13bf6dc3559029f2e05c942da4573e65fc
  AWSCore: f9b8a30d9e8ec07d1a6dd8f0ec5fe84b6a215041
  HyperTrackViews: 49f266065b4ddfe881fef4dbbb885de213ca0920
  ReachabilitySwift: 408477d1b6ed9779dba301953171e017c31241f3
  SQLite.swift: 46d890be8601964454bd3392527f863d1b802d45

PODFILE CHECKSUM: c5123449899be27a5c58388bc6e356ad971d523d

COCOAPODS: 1.8.4
